
Microsoft Visual Studio Solution File, Format Version 12.00
# Visual Studio Version 16
VisualStudioVersion = 16.0.33130.400
MinimumVisualStudioVersion = 10.0.40219.1
Project("{8BC9CEB8-8B4A-11D0-8D11-00A0C91BC942}") = "GLExtension", "GLExtension.vcxproj", "{1CE5C953-1BFE-48F1-A222-A4D4F7254204}"
EndProject
Global
	GlobalSection(SolutionConfigurationPlatforms) = preSolution
		Debug|x64 = Debug|x64
		Debug|x86 = Debug|x86
		Release|x64 = Release|x64
		Release|x86 = Release|x86
	EndGlobalSection
	GlobalSection(ProjectConfigurationPlatforms) = postSolution
		{1CE5C953-1BFE-48F1-A222-A4D4F7254204}.Debug|x64.ActiveCfg = Debug|x64
		{1CE5C953-1BFE-48F1-A222-A4D4F7254204}.Debug|x64.Build.0 = Debug|x64
		{1CE5C953-1BFE-48F1-A222-A4D4F7254204}.Debug|x86.ActiveCfg = Debug|Win32
		{1CE5C953-1BFE-48F1-A222-A4D4F7254204}.Debug|x86.Build.0 = Debug|Win32
		{1CE5C953-1BFE-48F1-A222-A4D4F7254204}.Release|x64.ActiveCfg = Release|x64
		{1CE5C953-1BFE-48F1-A222-A4D4F7254204}.Release|x64.Build.0 = Release|x64
		{1CE5C953-1BFE-48F1-A222-A4D4F7254204}.Release|x86.ActiveCfg = Release|Win32
		{1CE5C953-1BFE-48F1-A222-A4D4F7254204}.Release|x86.Build.0 = Release|Win32
	EndGlobalSection
	GlobalSection(SolutionProperties) = preSolution
		HideSolutionNode = FALSE
	EndGlobalSection
	GlobalSection(ExtensibilityGlobals) = postSolution
		SolutionGuid = {CFB857E6-4EE4-4B70-B81C-6811133E6D20}
	EndGlobalSection
EndGlobal
